
Microsoft Visual Studio Solution File, Format Version 12.00
# Visual Studio Version 16
VisualStudioVersion = 16.0.33529.622
MinimumVisualStudioVersion = 10.0.40219.1
Project("{FAE04EC0-301F-11D3-BF4B-00C04F79EFBC}") = "projetoWebPedal", "projetoWebPedal\projetoWebPedal.csproj", "{A9C95411-5C1F-40DC-A004-EE449DFC05F0}"
EndProject
Global
	GlobalSection(SolutionConfigurationPlatforms) = preSolution
		Debug|Any CPU = Debug|Any CPU
		Release|Any CPU = Release|Any CPU
	EndGlobalSection
	GlobalSection(ProjectConfigurationPlatforms) = postSolution
		{A9C95411-5C1F-40DC-A004-EE449DFC05F0}.Debug|Any CPU.ActiveCfg = Debug|Any CPU
		{A9C95411-5C1F-40DC-A004-EE449DFC05F0}.Debug|Any CPU.Build.0 = Debug|Any CPU
		{A9C95411-5C1F-40DC-A004-EE449DFC05F0}.Release|Any CPU.ActiveCfg = Release|Any CPU
		{A9C95411-5C1F-40DC-A004-EE449DFC05F0}.Release|Any CPU.Build.0 = Release|Any CPU
	EndGlobalSection
	GlobalSection(SolutionProperties) = preSolution
		HideSolutionNode = FALSE
	EndGlobalSection
	GlobalSection(ExtensibilityGlobals) = postSolution
		SolutionGuid = {90FFB6BB-8CB2-414B-9782-2242D379A5FC}
	EndGlobalSection
EndGlobal
